<?xml version="1.0" encoding="utf-8"?>
<Project ToolsVersion="4.0" xmlns="http://schemas.microsoft.com/developer/msbuild/2003">
  <ItemGroup>
    <Filter Include="Engine">
      <UniqueIdentifier>{f737261f-1474-491d-bf1a-9bb471fa44bd}</UniqueIdentifier>
    </Filter>
    <Filter Include="Engine\01. Define &amp; Core">
      <UniqueIdentifier>{d148b5fe-5d88-4dbd-ad5c-1dc316e91bc5}</UniqueIdentifier>
    </Filter>
    <Filter Include="Engine\02. Manager">
      <UniqueIdentifier>{5334fef5-eb1c-4578-9e41-8306140217ce}</UniqueIdentifier>
    </Filter>
    <Filter Include="Engine\03. Object">
      <UniqueIdentifier>{4105dd16-532f-4b40-bbaa-7f2238a3c4b1}</UniqueIdentifier>
    </Filter>
    <Filter Include="Engine\04. Scene">
      <UniqueIdentifier>{a77c2234-da93-44a6-9fff-44647314f56c}</UniqueIdentifier>
    </Filter>
    <Filter Include="Default">
      <UniqueIdentifier>{70407466-cb26-4170-99be-aa42457eb89a}</UniqueIdentifier>
    </Filter>
    <Filter Include="Default\리소스 파일">
      <UniqueIdentifier>{67DA6AB6-F800-4c08-8B7A-83BB121AAD01}</UniqueIdentifier>
      <Extensions>rc;ico;cur;bmp;dlg;rc2;rct;bin;rgs;gif;jpg;jpeg;jpe;resx;tiff;tif;png;wav;mfcribbon-ms</Extensions>
    </Filter>
    <Filter Include="Engine\04. Scene\Source">
      <UniqueIdentifier>{013eb19c-1099-4a66-8933-00231ff657af}</UniqueIdentifier>
    </Filter>
    <Filter Include="Engine\04. Scene\Header">
      <UniqueIdentifier>{e8a42ac2-3817-4853-aaf5-bddb0af60632}</UniqueIdentifier>
    </Filter>
    <Filter Include="Engine\03. Object\Bomb">
      <UniqueIdentifier>{b30fce9d-3d0f-421a-9b00-2368304a399f}</UniqueIdentifier>
    </Filter>
    <Filter Include="Engine\03. Object\Monster">
      <UniqueIdentifier>{0dff8edf-9404-4f76-8ec1-d4f314ac336e}</UniqueIdentifier>
    </Filter>
    <Filter Include="Engine\03. Object\Platform">
      <UniqueIdentifier>{6db318e6-c958-4299-8a79-465ccaa842c6}</UniqueIdentifier>
    </Filter>
    <Filter Include="Engine\03. Object\Player">
      <UniqueIdentifier>{a2ee3d5b-fa11-4044-b62f-bb9bb05d5510}</UniqueIdentifier>
    </Filter>
    <Filter Include="Engine\02. Manager\KeyManager">
      <UniqueIdentifier>{9d47dcd2-1a46-46b8-bec0-48563443e3bb}</UniqueIdentifier>
    </Filter>
    <Filter Include="Engine\02. Manager\TimeManager">
      <UniqueIdentifier>{d31ddf77-3e4e-41d3-baeb-e80b1fe2fd4c}</UniqueIdentifier>
    </Filter>
    <Filter Include="Engine\02. Manager\SceneManager">
      <UniqueIdentifier>{d9c63b2d-33b7-4b72-8396-a2fb07f0bf7c}</UniqueIdentifier>
    </Filter>
    <Filter Include="Default\etc">
      <UniqueIdentifier>{956818e2-1185-49ed-943a-989371acf40c}</UniqueIdentifier>
    </Filter>
    <Filter Include="Engine\05. Sound">
      <UniqueIdentifier>{1a06cd83-a55a-40b4-acd7-f5f487dfd91c}</UniqueIdentifier>
    </Filter>
    <Filter Include="Engine\05. Sound\FMOD">
      <UniqueIdentifier>{aecacfa7-0d0c-49c8-b731-874561f4a14c}</UniqueIdentifier>
    </Filter>
  </ItemGroup>
  <ItemGroup>
    <ClInclude Include="Core.h">
      <Filter>Engine\01. Define &amp; Core</Filter>
    </ClInclude>
    <ClInclude Include="CustomDefine.h">
      <Filter>Engine\01. Define &amp; Core</Filter>
    </ClInclude>
    <ClInclude Include="Scene.h">
      <Filter>Engine\04. Scene\Header</Filter>
    </ClInclude>
    <ClInclude Include="Scene_Start.h">
      <Filter>Engine\04. Scene\Header</Filter>
    </ClInclude>
    <ClInclude Include="Player.h">
      <Filter>Engine\03. Object\Player</Filter>
    </ClInclude>
    <ClInclude Include="Platform_Under.h">
      <Filter>Engine\03. Object\Platform</Filter>
    </ClInclude>
    <ClInclude Include="Platform_SideWall.h">
      <Filter>Engine\03. Object\Platform</Filter>
    </ClInclude>
    <ClInclude Include="Platform.h">
      <Filter>Engine\03. Object\Platform</Filter>
    </ClInclude>
    <ClInclude Include="Bomb.h">
      <Filter>Engine\03. Object\Bomb</Filter>
    </ClInclude>
    <ClInclude Include="Monster.h">
      <Filter>Engine\03. Object\Monster</Filter>
    </ClInclude>
    <ClInclude Include="Object.h">
      <Filter>Engine\03. Object</Filter>
    </ClInclude>
    <ClInclude Include="Penguin_Bros.h">
      <Filter>Default</Filter>
    </ClInclude>
    <ClInclude Include="Platform_Rotate.h">
      <Filter>Engine\03. Object\Platform</Filter>
    </ClInclude>
    <ClInclude Include="KeyManager.h">
      <Filter>Engine\02. Manager\KeyManager</Filter>
    </ClInclude>
    <ClInclude Include="SceneManager.h">
      <Filter>Engine\02. Manager\SceneManager</Filter>
    </ClInclude>
    <ClInclude Include="TimeManager.h">
      <Filter>Engine\02. Manager\TimeManager</Filter>
    </ClInclude>
    <ClInclude Include="Resource.h">
      <Filter>Default\etc</Filter>
    </ClInclude>
    <ClInclude Include="targetver.h">
      <Filter>Default\etc</Filter>
    </ClInclude>
    <ClInclude Include="framework.h">
      <Filter>Default\etc</Filter>
    </ClInclude>
    <ClInclude Include="Monster_Flying.h">
      <Filter>Engine\03. Object\Monster</Filter>
    </ClInclude>
  </ItemGroup>
  <ItemGroup>
    <ClCompile Include="Core.cpp">
      <Filter>Engine\01. Define &amp; Core</Filter>
    </ClCompile>
    <ClCompile Include="Scene.cpp">
      <Filter>Engine\04. Scene\Source</Filter>
    </ClCompile>
    <ClCompile Include="Scene_Start.cpp">
      <Filter>Engine\04. Scene\Source</Filter>
    </ClCompile>
    <ClCompile Include="Player.cpp">
      <Filter>Engine\03. Object\Player</Filter>
    </ClCompile>
    <ClCompile Include="Platform.cpp">
      <Filter>Engine\03. Object\Platform</Filter>
    </ClCompile>
    <ClCompile Include="Platform_SideWall.cpp">
      <Filter>Engine\03. Object\Platform</Filter>
    </ClCompile>
    <ClCompile Include="Platform_Under.cpp">
      <Filter>Engine\03. Object\Platform</Filter>
    </ClCompile>
    <ClCompile Include="Bomb.cpp">
      <Filter>Engine\03. Object\Bomb</Filter>
    </ClCompile>
    <ClCompile Include="Monster.cpp">
      <Filter>Engine\03. Object\Monster</Filter>
    </ClCompile>
    <ClCompile Include="Object.cpp">
      <Filter>Engine\03. Object</Filter>
    </ClCompile>
    <ClCompile Include="Penguin_Bros.cpp">
      <Filter>Default</Filter>
    </ClCompile>
    <ClCompile Include="Platform_Rotate.cpp">
      <Filter>Engine\03. Object\Platform</Filter>
    </ClCompile>
    <ClCompile Include="KeyManager.cpp">
      <Filter>Engine\02. Manager\KeyManager</Filter>
    </ClCompile>
    <ClCompile Include="SceneManager.cpp">
      <Filter>Engine\02. Manager\SceneManager</Filter>
    </ClCompile>
    <ClCompile Include="TimeManager.cpp">
      <Filter>Engine\02. Manager\TimeManager</Filter>
    </ClCompile>
    <ClCompile Include="Monster_Flying.cpp">
      <Filter>Engine\03. Object\Monster</Filter>
    </ClCompile>
  </ItemGroup>
  <ItemGroup>
    <ResourceCompile Include="Penguin_Bros.rc">
      <Filter>Default\리소스 파일</Filter>
    </ResourceCompile>
  </ItemGroup>
  <ItemGroup>
    <Image Include="small.ico">
      <Filter>Default\리소스 파일</Filter>
    </Image>
    <Image Include="Penguin_Bros.ico">
      <Filter>Default\리소스 파일</Filter>
    </Image>
  </ItemGroup>
</Project>